// !$*UTF8*$!
{
	archiveVersion = 1;
	classes = {
	};
	objectVersion = 50;
	objects = {

/* Begin PBXBuildFile section */
		5A73E0C42526618E0048E6A7 /* AppDelegate.m in Sources */ = {isa = PBXBuildFile; fileRef = 5A73E0C32526618E0048E6A7 /* AppDelegate.m */; };
		5A73E0C72526618E0048E6A7 /* SceneDelegate.m in Sources */ = {isa = PBXBuildFile; fileRef = 5A73E0C62526618E0048E6A7 /* SceneDelegate.m */; };
		5A73E0CD2526618E0048E6A7 /* Main.storyboard in Resources */ = {isa = PBXBuildFile; fileRef = 5A73E0CB2526618E0048E6A7 /* Main.storyboard */; };
		5A73E0CF252661900048E6A7 /* Assets.xcassets in Resources */ = {isa = PBXBuildFile; fileRef = 5A73E0CE252661900048E6A7 /* Assets.xcassets */; };
		5A73E0D2252661900048E6A7 /* LaunchScreen.storyboard in Resources */ = {isa = PBXBuildFile; fileRef = 5A73E0D0252661900048E6A7 /* LaunchScreen.storyboard */; };
		5A73E0D5252661900048E6A7 /* main.m in Sources */ = {isa = PBXBuildFile; fileRef = 5A73E0D4252661900048E6A7 /* main.m */; };
		5A73E0E5252664480048E6A7 /* KCPerson.m in Sources */ = {isa = PBXBuildFile; fileRef = 5A73E0E4252664480048E6A7 /* KCPerson.m */; };
		5A73E0ED25266DDD0048E6A7 /* KCPersonController.m in Sources */ = {isa = PBXBuildFile; fileRef = 5A73E0EC25266DDD0048E6A7 /* KCPersonController.m */; };
		5A73E0F1252675450048E6A7 /* KCPersonViewController.swift in Sources */ = {isa = PBXBuildFile; fileRef = 5A73E0F0252675450048E6A7 /* KCPersonViewController.swift */; };
		5A73E0F4252687740048E6A7 /* KCPersonArrayTableViewController.swift in Sources */ = {isa = PBXBuildFile; fileRef = 5A73E0F3252687740048E6A7 /* KCPersonArrayTableViewController.swift */; };
/* End PBXBuildFile section */

/* Begin PBXFileReference section */
		5A73E0BF2526618E0048E6A7 /* SwapiObjC.app */ = {isa = PBXFileReference; explicitFileType = wrapper.application; includeInIndex = 0; path = SwapiObjC.app; sourceTree = BUILT_PRODUCTS_DIR; };
		5A73E0C22526618E0048E6A7 /* AppDelegate.h */ = {isa = PBXFileReference; lastKnownFileType = sourcecode.c.h; path = AppDelegate.h; sourceTree = "<group>"; };
		5A73E0C32526618E0048E6A7 /* AppDelegate.m */ = {isa = PBXFileReference; lastKnownFileType = sourcecode.c.objc; path = AppDelegate.m; sourceTree = "<group>"; };
		5A73E0C52526618E0048E6A7 /* SceneDelegate.h */ = {isa = PBXFileReference; lastKnownFileType = sourcecode.c.h; path = SceneDelegate.h; sourceTree = "<group>"; };
		5A73E0C62526618E0048E6A7 /* SceneDelegate.m */ = {isa = PBXFileReference; lastKnownFileType = sourcecode.c.objc; path = SceneDelegate.m; sourceTree = "<group>"; };
		5A73E0CC2526618E0048E6A7 /* Base */ = {isa = PBXFileReference; lastKnownFileType = file.storyboard; name = Base; path = Base.lproj/Main.storyboard; sourceTree = "<group>"; };
		5A73E0CE252661900048E6A7 /* Assets.xcassets */ = {isa = PBXFileReference; lastKnownFileType = folder.assetcatalog; path = Assets.xcassets; sourceTree = "<group>"; };
		5A73E0D1252661900048E6A7 /* Base */ = {isa = PBXFileReference; lastKnownFileType = file.storyboard; name = Base; path = Base.lproj/LaunchScreen.storyboard; sourceTree = "<group>"; };
		5A73E0D3252661900048E6A7 /* Info.plist */ = {isa = PBXFileReference; lastKnownFileType = text.plist.xml; path = Info.plist; sourceTree = "<group>"; };
		5A73E0D4252661900048E6A7 /* main.m */ = {isa = PBXFileReference; lastKnownFileType = sourcecode.c.objc; path = main.m; sourceTree = "<group>"; };
		5A73E0E3252664480048E6A7 /* KCPerson.h */ = {isa = PBXFileReference; lastKnownFileType = sourcecode.c.h; path = KCPerson.h; sourceTree = "<group>"; };
		5A73E0E4252664480048E6A7 /* KCPerson.m */ = {isa = PBXFileReference; lastKnownFileType = sourcecode.c.objc; path = KCPerson.m; sourceTree = "<group>"; };
		5A73E0EB25266DDD0048E6A7 /* KCPersonController.h */ = {isa = PBXFileReference; lastKnownFileType = sourcecode.c.h; path = KCPersonController.h; sourceTree = "<group>"; };
		5A73E0EC25266DDD0048E6A7 /* KCPersonController.m */ = {isa = PBXFileReference; lastKnownFileType = sourcecode.c.objc; path = KCPersonController.m; sourceTree = "<group>"; };
		5A73E0EF252675450048E6A7 /* SwapiObjC-Bridging-Header.h */ = {isa = PBXFileReference; lastKnownFileType = sourcecode.c.h; path = "SwapiObjC-Bridging-Header.h"; sourceTree = "<group>"; };
		5A73E0F0252675450048E6A7 /* KCPersonViewController.swift */ = {isa = PBXFileReference; lastKnownFileType = sourcecode.swift; path = KCPersonViewController.swift; sourceTree = "<group>"; };
		5A73E0F3252687740048E6A7 /* KCPersonArrayTableViewController.swift */ = {isa = PBXFileReference; lastKnownFileType = sourcecode.swift; path = KCPersonArrayTableViewController.swift; sourceTree = "<group>"; };
/* End PBXFileReference section */

/* Begin PBXFrameworksBuildPhase section */
		5A73E0BC2526618E0048E6A7 /* Frameworks */ = {
			isa = PBXFrameworksBuildPhase;
			buildActionMask = 2147483647;
			files = (
			);
			runOnlyForDeploymentPostprocessing = 0;
		};
/* End PBXFrameworksBuildPhase section */

/* Begin PBXGroup section */
		5A73E0B62526618E0048E6A7 = {
			isa = PBXGroup;
			children = (
				5A73E0C12526618E0048E6A7 /* SwapiObjC */,
				5A73E0C02526618E0048E6A7 /* Products */,
			);
			sourceTree = "<group>";
		};
		5A73E0C02526618E0048E6A7 /* Products */ = {
			isa = PBXGroup;
			children = (
				5A73E0BF2526618E0048E6A7 /* SwapiObjC.app */,
			);
			name = Products;
			sourceTree = "<group>";
		};
		5A73E0C12526618E0048E6A7 /* SwapiObjC */ = {
			isa = PBXGroup;
			children = (
				5A73E0DF2526620F0048E6A7 /* Model */,
				5A73E0DE252662090048E6A7 /* Controllers */,
				5A73E0DD252662030048E6A7 /* Views */,
				5A73E0DC252661DB0048E6A7 /* Resources */,
			);
			path = SwapiObjC;
			sourceTree = "<group>";
		};
		5A73E0DC252661DB0048E6A7 /* Resources */ = {
			isa = PBXGroup;
			children = (
				5A73E0C22526618E0048E6A7 /* AppDelegate.h */,
				5A73E0C32526618E0048E6A7 /* AppDelegate.m */,
				5A73E0C52526618E0048E6A7 /* SceneDelegate.h */,
				5A73E0C62526618E0048E6A7 /* SceneDelegate.m */,
				5A73E0CE252661900048E6A7 /* Assets.xcassets */,
				5A73E0D0252661900048E6A7 /* LaunchScreen.storyboard */,
				5A73E0D3252661900048E6A7 /* Info.plist */,
				5A73E0D4252661900048E6A7 /* main.m */,
			);
			path = Resources;
			sourceTree = "<group>";
		};
		5A73E0DD252662030048E6A7 /* Views */ = {
			isa = PBXGroup;
			children = (
				5A73E0E22526621D0048E6A7 /* Storyboard */,
			);
			path = Views;
			sourceTree = "<group>";
		};
		5A73E0DE252662090048E6A7 /* Controllers */ = {
			isa = PBXGroup;
			children = (
				5A73E0EA25266DC50048E6A7 /* View Controller  */,
				5A73E0E925266DBE0048E6A7 /* Model Controller  */,
			);
			path = Controllers;
			sourceTree = "<group>";
		};
		5A73E0DF2526620F0048E6A7 /* Model */ = {
			isa = PBXGroup;
			children = (
				5A73E0E3252664480048E6A7 /* KCPerson.h */,
				5A73E0E4252664480048E6A7 /* KCPerson.m */,
			);
			path = Model;
			sourceTree = "<group>";
		};
		5A73E0E22526621D0048E6A7 /* Storyboard */ = {
			isa = PBXGroup;
			children = (
				5A73E0CB2526618E0048E6A7 /* Main.storyboard */,
			);
			path = Storyboard;
			sourceTree = "<group>";
		};
		5A73E0E925266DBE0048E6A7 /* Model Controller  */ = {
			isa = PBXGroup;
			children = (
				5A73E0EB25266DDD0048E6A7 /* KCPersonController.h */,
				5A73E0EC25266DDD0048E6A7 /* KCPersonController.m */,
			);
			path = "Model Controller ";
			sourceTree = "<group>";
		};
		5A73E0EA25266DC50048E6A7 /* View Controller  */ = {
			isa = PBXGroup;
			children = (
				5A73E0F0252675450048E6A7 /* KCPersonViewController.swift */,
				5A73E0EF252675450048E6A7 /* SwapiObjC-Bridging-Header.h */,
				5A73E0F3252687740048E6A7 /* KCPersonArrayTableViewController.swift */,
			);
			path = "View Controller ";
			sourceTree = "<group>";
		};
/* End PBXGroup section */

/* Begin PBXNativeTarget section */
		5A73E0BE2526618E0048E6A7 /* SwapiObjC */ = {
			isa = PBXNativeTarget;
			buildConfigurationList = 5A73E0D8252661900048E6A7 /* Build configuration list for PBXNativeTarget "SwapiObjC" */;
			buildPhases = (
				5A73E0BB2526618E0048E6A7 /* Sources */,
				5A73E0BC2526618E0048E6A7 /* Frameworks */,
				5A73E0BD2526618E0048E6A7 /* Resources */,
			);
			buildRules = (
			);
			dependencies = (
			);
			name = SwapiObjC;
			productName = SwapiObjC;
			productReference = 5A73E0BF2526618E0048E6A7 /* SwapiObjC.app */;
			productType = "com.apple.product-type.application";
		};
/* End PBXNativeTarget section */

/* Begin PBXProject section */
		5A73E0B72526618E0048E6A7 /* Project object */ = {
			isa = PBXProject;
			attributes = {
				CLASSPREFIX = KC;
				LastUpgradeCheck = 1200;
				TargetAttributes = {
					5A73E0BE2526618E0048E6A7 = {
						CreatedOnToolsVersion = 12.0.1;
						LastSwiftMigration = 1200;
					};
				};
			};
			buildConfigurationList = 5A73E0BA2526618E0048E6A7 /* Build configuration list for PBXProject "SwapiObjC" */;
			compatibilityVersion = "Xcode 9.3";
			developmentRegion = en;
			hasScannedForEncodings = 0;
			knownRegions = (
				en,
				Base,
			);
			mainGroup = 5A73E0B62526618E0048E6A7;
			productRefGroup = 5A73E0C02526618E0048E6A7 /* Products */;
			projectDirPath = "";
			projectRoot = "";
			targets = (
				5A73E0BE2526618E0048E6A7 /* SwapiObjC */,
			);
		};
/* End PBXProject section */

/* Begin PBXResourcesBuildPhase section */
		5A73E0BD2526618E0048E6A7 /* Resources */ = {
			isa = PBXResourcesBuildPhase;
			buildActionMask = 2147483647;
			files = (
				5A73E0D2252661900048E6A7 /* LaunchScreen.storyboard in Resources */,
				5A73E0CF252661900048E6A7 /* Assets.xcassets in Resources */,
				5A73E0CD2526618E0048E6A7 /* Main.storyboard in Resources */,
			);
			runOnlyForDeploymentPostprocessing = 0;
		};
/* End PBXResourcesBuildPhase section */

/* Begin PBXSourcesBuildPhase section */
		5A73E0BB2526618E0048E6A7 /* Sources */ = {
			isa = PBXSourcesBuildPhase;
			buildActionMask = 2147483647;
			files = (
				5A73E0ED25266DDD0048E6A7 /* KCPersonController.m in Sources */,
				5A73E0C42526618E0048E6A7 /* AppDelegate.m in Sources */,
				5A73E0F4252687740048E6A7 /* KCPersonArrayTableViewController.swift in Sources */,
				5A73E0D5252661900048E6A7 /* main.m in Sources */,
				5A73E0F1252675450048E6A7 /* KCPersonViewController.swift in Sources */,
				5A73E0E5252664480048E6A7 /* KCPerson.m in Sources */,
				5A73E0C72526618E0048E6A7 /* SceneDelegate.m in Sources */,
			);
			runOnlyForDeploymentPostprocessing = 0;
		};
/* End PBXSourcesBuildPhase section */

/* Begin PBXVariantGroup section */
		5A73E0CB2526618E0048E6A7 /* Main.storyboard */ = {
			isa = PBXVariantGroup;
			children = (
				5A73E0CC2526618E0048E6A7 /* Base */,
			);
			name = Main.storyboard;
			sourceTree = "<group>";
		};
		5A73E0D0252661900048E6A7 /* LaunchScreen.storyboard */ = {
			isa = PBXVariantGroup;
			children = (
				5A73E0D1252661900048E6A7 /* Base */,
			);
			name = LaunchScreen.storyboard;
			sourceTree = "<group>";
		};
/* End PBXVariantGroup section */

/* Begin XCBuildConfiguration section */
		5A73E0D6252661900048E6A7 /* Debug */ = {
			isa = XCBuildConfiguration;
			buildSettings = {
				ALWAYS_SEARCH_USER_PATHS = NO;
				CLANG_ANALYZER_NONNULL = YES;
				CLANG_ANALYZER_NUMBER_OBJECT_CONVERSION = YES_AGGRESSIVE;
				CLANG_CXX_LANGUAGE_STANDARD = "gnu++14";
				CLANG_CXX_LIBRARY = "libc++";
				CLANG_ENABLE_MODULES = YES;
				CLANG_ENABLE_OBJC_ARC = YES;
				CLANG_ENABLE_OBJC_WEAK = YES;
				CLANG_WARN_BLOCK_CAPTURE_AUTORELEASING = YES;
				CLANG_WARN_BOOL_CONVERSION = YES;
				CLANG_WARN_COMMA = YES;
				CLANG_WARN_CONSTANT_CONVERSION = YES;
				CLANG_WARN_DEPRECATED_OBJC_IMPLEMENTATIONS = YES;
				CLANG_WARN_DIRECT_OBJC_ISA_USAGE = YES_ERROR;
				CLANG_WARN_DOCUMENTATION_COMMENTS = YES;
				CLANG_WARN_EMPTY_BODY = YES;
				CLANG_WARN_ENUM_CONVERSION = YES;
				CLANG_WARN_INFINITE_RECURSION = YES;
				CLANG_WARN_INT_CONVERSION = YES;
				CLANG_WARN_NON_LITERAL_NULL_CONVERSION = YES;
				CLANG_WARN_OBJC_IMPLICIT_RETAIN_SELF = YES;
				CLANG_WARN_OBJC_LITERAL_CONVERSION = YES;
				CLANG_WARN_OBJC_ROOT_CLASS = YES_ERROR;
				CLANG_WARN_QUOTED_INCLUDE_IN_FRAMEWORK_HEADER = YES;
				CLANG_WARN_RANGE_LOOP_ANALYSIS = YES;
				CLANG_WARN_STRICT_PROTOTYPES = YES;
				CLANG_WARN_SUSPICIOUS_MOVE = YES;
				CLANG_WARN_UNGUARDED_AVAILABILITY = YES_AGGRESSIVE;
				CLANG_WARN_UNREACHABLE_CODE = YES;
				CLANG_WARN__DUPLICATE_METHOD_MATCH = YES;
				COPY_PHASE_STRIP = NO;
				DEBUG_INFORMATION_FORMAT = dwarf;
				ENABLE_STRICT_OBJC_MSGSEND = YES;
				ENABLE_TESTABILITY = YES;
				GCC_C_LANGUAGE_STANDARD = gnu11;
				GCC_DYNAMIC_NO_PIC = NO;
				GCC_NO_COMMON_BLOCKS = YES;
				GCC_OPTIMIZATION_LEVEL = 0;
				GCC_PREPROCESSOR_DEFINITIONS = (
					"DEBUG=1",
					"$(inherited)",
				);
				GCC_WARN_64_TO_32_BIT_CONVERSION = YES;
				GCC_WARN_ABOUT_RETURN_TYPE = YES_ERROR;
				GCC_WARN_UNDECLARED_SELECTOR = YES;
				GCC_WARN_UNINITIALIZED_AUTOS = YES_AGGRESSIVE;
				GCC_WARN_UNUSED_FUNCTION = YES;
				GCC_WARN_UNUSED_VARIABLE = YES;
				IPHONEOS_DEPLOYMENT_TARGET = 14.0;
				MTL_ENABLE_DEBUG_INFO = INCLUDE_SOURCE;
				MTL_FAST_MATH = YES;
				ONLY_ACTIVE_ARCH = YES;
				SDKROOT = iphoneos;
			};
			name = Debug;
		};
		5A73E0D7252661900048E6A7 /* Release */ = {
			isa = XCBuildConfiguration;
			buildSettings = {
				ALWAYS_SEARCH_USER_PATHS = NO;
				CLANG_ANALYZER_NONNULL = YES;
				CLANG_ANALYZER_NUMBER_OBJECT_CONVERSION = YES_AGGRESSIVE;
				CLANG_CXX_LANGUAGE_STANDARD = "gnu++14";
				CLANG_CXX_LIBRARY = "libc++";
				CLANG_ENABLE_MODULES = YES;
				CLANG_ENABLE_OBJC_ARC = YES;
				CLANG_ENABLE_OBJC_WEAK = YES;
				CLANG_WARN_BLOCK_CAPTURE_AUTORELEASING = YES;
				CLANG_WARN_BOOL_CONVERSION = YES;
				CLANG_WARN_COMMA = YES;
				CLANG_WARN_CONSTANT_CONVERSION = YES;
				CLANG_WARN_DEPRECATED_OBJC_IMPLEMENTATIONS = YES;
				CLANG_WARN_DIRECT_OBJC_ISA_USAGE = YES_ERROR;
				CLANG_WARN_DOCUMENTATION_COMMENTS = YES;
				CLANG_WARN_EMPTY_BODY = YES;
				CLANG_WARN_ENUM_CONVERSION = YES;
				CLANG_WARN_INFINITE_RECURSION = YES;
				CLANG_WARN_INT_CONVERSION = YES;
				CLANG_WARN_NON_LITERAL_NULL_CONVERSION = YES;
				CLANG_WARN_OBJC_IMPLICIT_RETAIN_SELF = YES;
				CLANG_WARN_OBJC_LITERAL_CONVERSION = YES;
				CLANG_WARN_OBJC_ROOT_CLASS = YES_ERROR;
				CLANG_WARN_QUOTED_INCLUDE_IN_FRAMEWORK_HEADER = YES;
				CLANG_WARN_RANGE_LOOP_ANALYSIS = YES;
				CLANG_WARN_STRICT_PROTOTYPES = YES;
				CLANG_WARN_SUSPICIOUS_MOVE = YES;
				CLANG_WARN_UNGUARDED_AVAILABILITY = YES_AGGRESSIVE;
				CLANG_WARN_UNREACHABLE_CODE = YES;
				CLANG_WARN__DUPLICATE_METHOD_MATCH = YES;
				COPY_PHASE_STRIP = NO;
				DEBUG_INFORMATION_FORMAT = "dwarf-with-dsym";
				ENABLE_NS_ASSERTIONS = NO;
				ENABLE_STRICT_OBJC_MSGSEND = YES;
				GCC_C_LANGUAGE_STANDARD = gnu11;
				GCC_NO_COMMON_BLOCKS = YES;
				GCC_WARN_64_TO_32_BIT_CONVERSION = YES;
				GCC_WARN_ABOUT_RETURN_TYPE = YES_ERROR;
				GCC_WARN_UNDECLARED_SELECTOR = YES;
				GCC_WARN_UNINITIALIZED_AUTOS = YES_AGGRESSIVE;
				GCC_WARN_UNUSED_FUNCTION = YES;
				GCC_WARN_UNUSED_VARIABLE = YES;
				IPHONEOS_DEPLOYMENT_TARGET = 14.0;
				MTL_ENABLE_DEBUG_INFO = NO;
				MTL_FAST_MATH = YES;
				SDKROOT = iphoneos;
				VALIDATE_PRODUCT = YES;
			};
			name = Release;
		};
		5A73E0D9252661900048E6A7 /* Debug */ = {
			isa = XCBuildConfiguration;
			buildSettings = {
				ASSETCATALOG_COMPILER_APPICON_NAME = AppIcon;
				ASSETCATALOG_COMPILER_GLOBAL_ACCENT_COLOR_NAME = AccentColor;
				CLANG_ENABLE_MODULES = YES;
				CODE_SIGN_STYLE = Automatic;
				DEVELOPMENT_TEAM = LTSUF8MAG6;
				INFOPLIST_FILE = SwapiObjC/Resources/Info.plist;
				LD_RUNPATH_SEARCH_PATHS = (
					"$(inherited)",
					"@executable_path/Frameworks",
				);
				PRODUCT_BUNDLE_IDENTIFIER = com.KalebCarrizoza.SwapiObjC;
				PRODUCT_NAME = "$(TARGET_NAME)";
				SWIFT_OBJC_BRIDGING_HEADER = "SwapiObjC/Controllers/View Controller /SwapiObjC-Bridging-Header.h";
				SWIFT_OPTIMIZATION_LEVEL = "-Onone";
				SWIFT_VERSION = 5.0;
				TARGETED_DEVICE_FAMILY = "1,2";
			};
			name = Debug;
		};
		5A73E0DA252661900048E6A7 /* Release */ = {
			isa = XCBuildConfiguration;
			buildSettings = {
				ASSETCATALOG_COMPILER_APPICON_NAME = AppIcon;
				ASSETCATALOG_COMPILER_GLOBAL_ACCENT_COLOR_NAME = AccentColor;
				CLANG_ENABLE_MODULES = YES;
				CODE_SIGN_STYLE = Automatic;
				DEVELOPMENT_TEAM = LTSUF8MAG6;
				INFOPLIST_FILE = SwapiObjC/Resources/Info.plist;
				LD_RUNPATH_SEARCH_PATHS = (
					"$(inherited)",
					"@executable_path/Frameworks",
				);
				PRODUCT_BUNDLE_IDENTIFIER = com.KalebCarrizoza.SwapiObjC;
				PRODUCT_NAME = "$(TARGET_NAME)";
				SWIFT_OBJC_BRIDGING_HEADER = "SwapiObjC/Controllers/View Controller /SwapiObjC-Bridging-Header.h";
				SWIFT_VERSION = 5.0;
				TARGETED_DEVICE_FAMILY = "1,2";
			};
			name = Release;
		};
/* End XCBuildConfiguration section */

/* Begin XCConfigurationList section */
		5A73E0BA2526618E0048E6A7 /* Build configuration list for PBXProject "SwapiObjC" */ = {
			isa = XCConfigurationList;
			buildConfigurations = (
				5A73E0D6252661900048E6A7 /* Debug */,
				5A73E0D7252661900048E6A7 /* Release */,
			);
			defaultConfigurationIsVisible = 0;
			defaultConfigurationName = Release;
		};
		5A73E0D8252661900048E6A7 /* Build configuration list for PBXNativeTarget "SwapiObjC" */ = {
			isa = XCConfigurationList;
			buildConfigurations = (
				5A73E0D9252661900048E6A7 /* Debug */,
				5A73E0DA252661900048E6A7 /* Release */,
			);
			defaultConfigurationIsVisible = 0;
			defaultConfigurationName = Release;
		};
/* End XCConfigurationList section */
	};
	rootObject = 5A73E0B72526618E0048E6A7 /* Project object */;
}
